
Microsoft Visual Studio Solution File, Format Version 12.00
# Visual Studio Version 16
VisualStudioVersion = 25.0.1706.7
MinimumVisualStudioVersion = 10.0.40219.1
Project("{FAE04EC0-301F-11D3-BF4B-00C04F79EFBC}") = "XLNTest", "XLNTest\XLNTest.csproj", "{B15B5D7C-5DC1-4057-A246-13EF0017D4FA}"
EndProject
Project("{FAE04EC0-301F-11D3-BF4B-00C04F79EFBC}") = "XLNMSTEST", "XLNMSTEST\XLNMSTEST.csproj", "{944B887D-9C69-42CB-967E-616E9CAF195D}"
EndProject
Global
	GlobalSection(SolutionConfigurationPlatforms) = preSolution
		Debug|Any CPU = Debug|Any CPU
		Release|Any CPU = Release|Any CPU
	EndGlobalSection
	GlobalSection(ProjectConfigurationPlatforms) = postSolution
		{B15B5D7C-5DC1-4057-A246-13EF0017D4FA}.Debug|Any CPU.ActiveCfg = Debug|Any CPU
		{B15B5D7C-5DC1-4057-A246-13EF0017D4FA}.Debug|Any CPU.Build.0 = Debug|Any CPU
		{B15B5D7C-5DC1-4057-A246-13EF0017D4FA}.Release|Any CPU.ActiveCfg = Release|Any CPU
		{B15B5D7C-5DC1-4057-A246-13EF0017D4FA}.Release|Any CPU.Build.0 = Release|Any CPU
		{944B887D-9C69-42CB-967E-616E9CAF195D}.Debug|Any CPU.ActiveCfg = Debug|Any CPU
		{944B887D-9C69-42CB-967E-616E9CAF195D}.Debug|Any CPU.Build.0 = Debug|Any CPU
		{944B887D-9C69-42CB-967E-616E9CAF195D}.Release|Any CPU.ActiveCfg = Release|Any CPU
		{944B887D-9C69-42CB-967E-616E9CAF195D}.Release|Any CPU.Build.0 = Release|Any CPU
	EndGlobalSection
	GlobalSection(SolutionProperties) = preSolution
		HideSolutionNode = FALSE
	EndGlobalSection
	GlobalSection(ExtensibilityGlobals) = postSolution
		SolutionGuid = {22B35206-6334-472E-B1FB-0D85C0C62D02}
	EndGlobalSection
EndGlobal
